
Microsoft Visual Studio Solution File, Format Version 12.00
# Visual Studio Version 17
VisualStudioVersion = 17.2.32630.192
MinimumVisualStudioVersion = 10.0.40219.1
Project("{9A19103F-16F7-4668-BE54-9A1E7A4F7556}") = "AspDotNetCoreApi6", "AspDotNetCoreApi6.csproj", "{93019A81-E95C-4EAF-9F98-EC1E56C2222C}"
EndProject
Global
	GlobalSection(SolutionConfigurationPlatforms) = preSolution
		Debug|Any CPU = Debug|Any CPU
		Release|Any CPU = Release|Any CPU
	EndGlobalSection
	GlobalSection(ProjectConfigurationPlatforms) = postSolution
		{93019A81-E95C-4EAF-9F98-EC1E56C2222C}.Debug|Any CPU.ActiveCfg = Debug|Any CPU
		{93019A81-E95C-4EAF-9F98-EC1E56C2222C}.Debug|Any CPU.Build.0 = Debug|Any CPU
		{93019A81-E95C-4EAF-9F98-EC1E56C2222C}.Release|Any CPU.ActiveCfg = Release|Any CPU
		{93019A81-E95C-4EAF-9F98-EC1E56C2222C}.Release|Any CPU.Build.0 = Release|Any CPU
	EndGlobalSection
	GlobalSection(SolutionProperties) = preSolution
		HideSolutionNode = FALSE
	EndGlobalSection
	GlobalSection(ExtensibilityGlobals) = postSolution
		SolutionGuid = {262C2DE5-F1C9-4457-A220-34D1EB2DCF65}
	EndGlobalSection
EndGlobal
